
Microsoft Visual Studio Solution File, Format Version 12.00
# Visual Studio Version 16
VisualStudioVersion = 16.0.29728.190
MinimumVisualStudioVersion = 10.0.40219.1
Project("{FAE04EC0-301F-11D3-BF4B-00C04F79EFBC}") = "switch case", "switch case\switch case.csproj", "{2F999D95-699A-44F6-9252-4729ED4FAC61}"
EndProject
Global
	GlobalSection(SolutionConfigurationPlatforms) = preSolution
		Debug|Any CPU = Debug|Any CPU
		Release|Any CPU = Release|Any CPU
	EndGlobalSection
	GlobalSection(ProjectConfigurationPlatforms) = postSolution
		{2F999D95-699A-44F6-9252-4729ED4FAC61}.Debug|Any CPU.ActiveCfg = Debug|Any CPU
		{2F999D95-699A-44F6-9252-4729ED4FAC61}.Debug|Any CPU.Build.0 = Debug|Any CPU
		{2F999D95-699A-44F6-9252-4729ED4FAC61}.Release|Any CPU.ActiveCfg = Release|Any CPU
		{2F999D95-699A-44F6-9252-4729ED4FAC61}.Release|Any CPU.Build.0 = Release|Any CPU
	EndGlobalSection
	GlobalSection(SolutionProperties) = preSolution
		HideSolutionNode = FALSE
	EndGlobalSection
	GlobalSection(ExtensibilityGlobals) = postSolution
		SolutionGuid = {84E57C7F-ADC5-42BC-BEAC-5A1F7B8F4731}
	EndGlobalSection
EndGlobal
